
Microsoft Visual Studio Solution File, Format Version 12.00
# Visual Studio Version 17
VisualStudioVersion = 17.0.32014.148
MinimumVisualStudioVersion = 10.0.40219.1
Project("{FAE04EC0-301F-11D3-BF4B-00C04F79EFBC}") = "MW Chat ASP NET CORE WEB API SignalR", "MW Chat ASP NET CORE WEB API SignalR\MW Chat ASP NET CORE WEB API SignalR.csproj", "{799D2D37-84FF-4E64-AA36-2F6BD461C003}"
EndProject
Global
	GlobalSection(SolutionConfigurationPlatforms) = preSolution
		Debug|Any CPU = Debug|Any CPU
		Release|Any CPU = Release|Any CPU
	EndGlobalSection
	GlobalSection(ProjectConfigurationPlatforms) = postSolution
		{799D2D37-84FF-4E64-AA36-2F6BD461C003}.Debug|Any CPU.ActiveCfg = Debug|Any CPU
		{799D2D37-84FF-4E64-AA36-2F6BD461C003}.Debug|Any CPU.Build.0 = Debug|Any CPU
		{799D2D37-84FF-4E64-AA36-2F6BD461C003}.Release|Any CPU.ActiveCfg = Release|Any CPU
		{799D2D37-84FF-4E64-AA36-2F6BD461C003}.Release|Any CPU.Build.0 = Release|Any CPU
	EndGlobalSection
	GlobalSection(SolutionProperties) = preSolution
		HideSolutionNode = FALSE
	EndGlobalSection
	GlobalSection(ExtensibilityGlobals) = postSolution
		SolutionGuid = {33493C14-A1CA-444B-ACB1-4BC9B08B8552}
	EndGlobalSection
EndGlobal
